github.com/go-gl/gl v0.0.0-20231021071112-07e5d0ea2e71 h1:5BVwOaUSBTlVZowGO6VZGw2H/zl9nrd3eCZfYV+NfQA=
github.com/go-gl/gl v0.0.0-20231021071112-07e5d0ea2e71/go.mod h1:9YTyiznxEY1fVinfM7RvRcjRHbw2xLBJ3AAGIT0I4Nw=
github.com/vbsw/glut v0.1.0 h1:9lq4KVNTFVnonGW919+Cd0pL8xnu7vLWRflbLLeG1UM=
github.com/vbsw/glut v0.1.0/go.mod h1:ES5j+84UfYeYKwOksVAooYYc3pDTp8GXYH9/znwuxK0=
